// !$*UTF8*$!
{
	archiveVersion = 1;
	classes = {
	};
	objectVersion = 55;
	objects = {

/* Begin PBXBuildFile section */
		AE14CF0627E760B300072785 /* AppDelegate.swift in Sources */ = {isa = PBXBuildFile; fileRef = AE14CF0527E760B300072785 /* AppDelegate.swift */; };
		AE14CF0827E760CC00072785 /* SceneDelegate.swift in Sources */ = {isa = PBXBuildFile; fileRef = AE14CF0727E760CB00072785 /* SceneDelegate.swift */; };
		AE14CF0A27E760E300072785 /* ViewController.swift in Sources */ = {isa = PBXBuildFile; fileRef = AE14CF0927E760E300072785 /* ViewController.swift */; };
		AE14CF1327E7636500072785 /* ViewController6.swift in Sources */ = {isa = PBXBuildFile; fileRef = AE14CF1227E7636500072785 /* ViewController6.swift */; };
		AE14CF1527E763AA00072785 /* ViewController12.swift in Sources */ = {isa = PBXBuildFile; fileRef = AE14CF1427E763AA00072785 /* ViewController12.swift */; };
		E68C40CC27D8E92300C21055 /* Assets.xcassets in Resources */ = {isa = PBXBuildFile; fileRef = E68C40CB27D8E92300C21055 /* Assets.xcassets */; };
		E68C40CF27D8E92300C21055 /* LaunchScreen.storyboard in Resources */ = {isa = PBXBuildFile; fileRef = E68C40CD27D8E92300C21055 /* LaunchScreen.storyboard */; };
		E68C40D727D8E94F00C21055 /* Main.storyboard in Resources */ = {isa = PBXBuildFile; fileRef = E68C40D627D8E94F00C21055 /* Main.storyboard */; };
		E68C40E727D8EEBF00C21055 /* EditProfileViewController.swift in Sources */ = {isa = PBXBuildFile; fileRef = E68C40E627D8EEBF00C21055 /* EditProfileViewController.swift */; };
		E68C40EB27DF76E300C21055 /* Custom2CollectionViewController.swift in Sources */ = {isa = PBXBuildFile; fileRef = E68C40E827DF76DF00C21055 /* Custom2CollectionViewController.swift */; };
		E68C40EC27DF76E300C21055 /* Checks.swift in Sources */ = {isa = PBXBuildFile; fileRef = E68C40E927DF76E100C21055 /* Checks.swift */; };
		E68C40ED27DF76E300C21055 /* Custom4collectionViewCellTableViewCell.swift in Sources */ = {isa = PBXBuildFile; fileRef = E68C40EA27DF76E300C21055 /* Custom4collectionViewCellTableViewCell.swift */; };
		E68C40EF27DF76EC00C21055 /* CustomCollectionViewCell.swift in Sources */ = {isa = PBXBuildFile; fileRef = E68C40EE27DF76EC00C21055 /* CustomCollectionViewCell.swift */; };
		E68C40F427DF772200C21055 /* PayHistory.swift in Sources */ = {isa = PBXBuildFile; fileRef = E68C40F127DF771E00C21055 /* PayHistory.swift */; };
		E68C40F527DF772200C21055 /* MyPayments.swift in Sources */ = {isa = PBXBuildFile; fileRef = E68C40F227DF772000C21055 /* MyPayments.swift */; };
		E68C40F627DF772200C21055 /* myappointment.swift in Sources */ = {isa = PBXBuildFile; fileRef = E68C40F327DF772200C21055 /* myappointment.swift */; };
		E68C40FC27DF775B00C21055 /* ViewController1.swift in Sources */ = {isa = PBXBuildFile; fileRef = E68C40F727DF775300C21055 /* ViewController1.swift */; };
		E68C40FD27DF775B00C21055 /* ViewController3.swift in Sources */ = {isa = PBXBuildFile; fileRef = E68C40F827DF775500C21055 /* ViewController3.swift */; };
		E68C40FE27DF775B00C21055 /* SearchTableViewController.swift in Sources */ = {isa = PBXBuildFile; fileRef = E68C40F927DF775700C21055 /* SearchTableViewController.swift */; };
		E68C40FF27DF775B00C21055 /* ViewController5.swift in Sources */ = {isa = PBXBuildFile; fileRef = E68C40FA27DF775900C21055 /* ViewController5.swift */; };
		E68C410027DF775B00C21055 /* ViewController2.swift in Sources */ = {isa = PBXBuildFile; fileRef = E68C40FB27DF775B00C21055 /* ViewController2.swift */; };
		E68C410227DF834600C21055 /* ContainerPageVC.swift in Sources */ = {isa = PBXBuildFile; fileRef = E68C410127DF834600C21055 /* ContainerPageVC.swift */; };
		E68C410A27E0B18800C21055 /* GitCardCollectionViewCell.swift in Sources */ = {isa = PBXBuildFile; fileRef = E68C410927E0B18800C21055 /* GitCardCollectionViewCell.swift */; };
		E68C410C27E0B18D00C21055 /* PostsViewController.swift in Sources */ = {isa = PBXBuildFile; fileRef = E68C410B27E0B18D00C21055 /* PostsViewController.swift */; };
		E68C410E27E0B19100C21055 /* select.swift in Sources */ = {isa = PBXBuildFile; fileRef = E68C410D27E0B19100C21055 /* select.swift */; };
		E68C411027E0B1A400C21055 /* ViewController7.swift in Sources */ = {isa = PBXBuildFile; fileRef = E68C410F27E0B1A400C21055 /* ViewController7.swift */; };
		E68C411227E0B1B000C21055 /* ViewControllerSC.swift in Sources */ = {isa = PBXBuildFile; fileRef = E68C411127E0B1B000C21055 /* ViewControllerSC.swift */; };
		E68C411627E0C6AC00C21055 /* ViewController11.swift in Sources */ = {isa = PBXBuildFile; fileRef = E68C411527E0C6AC00C21055 /* ViewController11.swift */; };
		E68C412227E0CA1900C21055 /* LocalC3CollectionViewCell.swift in Sources */ = {isa = PBXBuildFile; fileRef = E68C411827E0CA1900C21055 /* LocalC3CollectionViewCell.swift */; };
		E68C412527E0CA1900C21055 /* homeViewController.swift in Sources */ = {isa = PBXBuildFile; fileRef = E68C411B27E0CA1900C21055 /* homeViewController.swift */; };
		E68C412627E0CA1900C21055 /* LocalViewController.swift in Sources */ = {isa = PBXBuildFile; fileRef = E68C411C27E0CA1900C21055 /* LocalViewController.swift */; };
		E68C412827E0CA1900C21055 /* LocalC2CollectionViewCell.swift in Sources */ = {isa = PBXBuildFile; fileRef = E68C411E27E0CA1900C21055 /* LocalC2CollectionViewCell.swift */; };
		E68C412A27E0CA1900C21055 /* LocalC1CollectionViewCell.swift in Sources */ = {isa = PBXBuildFile; fileRef = E68C412027E0CA1900C21055 /* LocalC1CollectionViewCell.swift */; };
		E68C413527E0CAD100C21055 /* Cell1CollectionViewCell.swift in Sources */ = {isa = PBXBuildFile; fileRef = E68C412D27E0CAD000C21055 /* Cell1CollectionViewCell.swift */; };
		E68C413627E0CAD100C21055 /* infoC2CollectionViewCell.swift in Sources */ = {isa = PBXBuildFile; fileRef = E68C412E27E0CAD000C21055 /* infoC2CollectionViewCell.swift */; };
		E68C413727E0CAD100C21055 /* infoC1CollectionViewCell.swift in Sources */ = {isa = PBXBuildFile; fileRef = E68C412F27E0CAD000C21055 /* infoC1CollectionViewCell.swift */; };
		E68C413827E0CAD100C21055 /* InfoViewController.swift in Sources */ = {isa = PBXBuildFile; fileRef = E68C413027E0CAD000C21055 /* InfoViewController.swift */; };
		E68C413927E0CAD100C21055 /* homeCollectionViewCell.swift in Sources */ = {isa = PBXBuildFile; fileRef = E68C413127E0CAD000C21055 /* homeCollectionViewCell.swift */; };
		E68C413A27E0CAD100C21055 /* infoC3CollectionViewCell.swift in Sources */ = {isa = PBXBuildFile; fileRef = E68C413227E0CAD000C21055 /* infoC3CollectionViewCell.swift */; };
		E68C413B27E0CAD100C21055 /* Cell2CollectionViewCell.swift in Sources */ = {isa = PBXBuildFile; fileRef = E68C413327E0CAD000C21055 /* Cell2CollectionViewCell.swift */; };
		E68C413C27E0CAD100C21055 /* Cell3CollectionViewCell.swift in Sources */ = {isa = PBXBuildFile; fileRef = E68C413427E0CAD100C21055 /* Cell3CollectionViewCell.swift */; };
		E68C413E27E2195500C21055 /* LikesTableViewCell.swift in Sources */ = {isa = PBXBuildFile; fileRef = E68C413D27E2195500C21055 /* LikesTableViewCell.swift */; };
		E68C414027E21D5000C21055 /* likeCollectionViewCell.swift in Sources */ = {isa = PBXBuildFile; fileRef = E68C413F27E21D5000C21055 /* likeCollectionViewCell.swift */; };
		E68C414227E21D9900C21055 /* likeViewController.swift in Sources */ = {isa = PBXBuildFile; fileRef = E68C414127E21D9900C21055 /* likeViewController.swift */; };
/* End PBXBuildFile section */

/* Begin PBXFileReference section */
		AE14CF0527E760B300072785 /* AppDelegate.swift */ = {isa = PBXFileReference; fileEncoding = 4; lastKnownFileType = sourcecode.swift; path = AppDelegate.swift; sourceTree = "<group>"; };
		AE14CF0727E760CB00072785 /* SceneDelegate.swift */ = {isa = PBXFileReference; fileEncoding = 4; lastKnownFileType = sourcecode.swift; path = SceneDelegate.swift; sourceTree = "<group>"; };
		AE14CF0927E760E300072785 /* ViewController.swift */ = {isa = PBXFileReference; fileEncoding = 4; lastKnownFileType = sourcecode.swift; path = ViewController.swift; sourceTree = "<group>"; };
		AE14CF0B27E7610400072785 /* Info.plist */ = {isa = PBXFileReference; fileEncoding = 4; lastKnownFileType = text.plist.xml; path = Info.plist; sourceTree = "<group>"; };
		AE14CF1227E7636500072785 /* ViewController6.swift */ = {isa = PBXFileReference; lastKnownFileType = sourcecode.swift; path = ViewController6.swift; sourceTree = "<group>"; };
		AE14CF1427E763AA00072785 /* ViewController12.swift */ = {isa = PBXFileReference; lastKnownFileType = sourcecode.swift; path = ViewController12.swift; sourceTree = "<group>"; };
		E68C40BF27D8E92200C21055 /* MINEEEEERS.app */ = {isa = PBXFileReference; explicitFileType = wrapper.application; includeInIndex = 0; path = MINEEEEERS.app; sourceTree = BUILT_PRODUCTS_DIR; };
		E68C40CB27D8E92300C21055 /* Assets.xcassets */ = {isa = PBXFileReference; lastKnownFileType = folder.assetcatalog; path = Assets.xcassets; sourceTree = "<group>"; };
		E68C40CE27D8E92300C21055 /* Base */ = {isa = PBXFileReference; lastKnownFileType = file.storyboard; name = Base; path = Base.lproj/LaunchScreen.storyboard; sourceTree = "<group>"; };
		E68C40D627D8E94F00C21055 /* Main.storyboard */ = {isa = PBXFileReference; fileEncoding = 4; lastKnownFileType = file.storyboard; path = Main.storyboard; sourceTree = "<group>"; };
		E68C40E627D8EEBF00C21055 /* EditProfileViewController.swift */ = {isa = PBXFileReference; lastKnownFileType = sourcecode.swift; path = EditProfileViewController.swift; sourceTree = "<group>"; };
		E68C40E827DF76DF00C21055 /* Custom2CollectionViewController.swift */ = {isa = PBXFileReference; fileEncoding = 4; lastKnownFileType = sourcecode.swift; path = Custom2CollectionViewController.swift; sourceTree = "<group>"; };
		E68C40E927DF76E100C21055 /* Checks.swift */ = {isa = PBXFileReference; fileEncoding = 4; lastKnownFileType = sourcecode.swift; path = Checks.swift; sourceTree = "<group>"; };
		E68C40EA27DF76E300C21055 /* Custom4collectionViewCellTableViewCell.swift */ = {isa = PBXFileReference; fileEncoding = 4; lastKnownFileType = sourcecode.swift; path = Custom4collectionViewCellTableViewCell.swift; sourceTree = "<group>"; };
		E68C40EE27DF76EC00C21055 /* CustomCollectionViewCell.swift */ = {isa = PBXFileReference; fileEncoding = 4; lastKnownFileType = sourcecode.swift; path = CustomCollectionViewCell.swift; sourceTree = "<group>"; };
		E68C40F127DF771E00C21055 /* PayHistory.swift */ = {isa = PBXFileReference; fileEncoding = 4; lastKnownFileType = sourcecode.swift; path = PayHistory.swift; sourceTree = "<group>"; };
		E68C40F227DF772000C21055 /* MyPayments.swift */ = {isa = PBXFileReference; fileEncoding = 4; lastKnownFileType = sourcecode.swift; path = MyPayments.swift; sourceTree = "<group>"; };
		E68C40F327DF772200C21055 /* myappointment.swift */ = {isa = PBXFileReference; fileEncoding = 4; lastKnownFileType = sourcecode.swift; path = myappointment.swift; sourceTree = "<group>"; };
		E68C40F727DF775300C21055 /* ViewController1.swift */ = {isa = PBXFileReference; fileEncoding = 4; lastKnownFileType = sourcecode.swift; path = ViewController1.swift; sourceTree = "<group>"; };
		E68C40F827DF775500C21055 /* ViewController3.swift */ = {isa = PBXFileReference; fileEncoding = 4; lastKnownFileType = sourcecode.swift; path = ViewController3.swift; sourceTree = "<group>"; };
		E68C40F927DF775700C21055 /* SearchTableViewController.swift */ = {isa = PBXFileReference; fileEncoding = 4; lastKnownFileType = sourcecode.swift; path = SearchTableViewController.swift; sourceTree = "<group>"; };
		E68C40FA27DF775900C21055 /* ViewController5.swift */ = {isa = PBXFileReference; fileEncoding = 4; lastKnownFileType = sourcecode.swift; path = ViewController5.swift; sourceTree = "<group>"; };
		E68C40FB27DF775B00C21055 /* ViewController2.swift */ = {isa = PBXFileReference; fileEncoding = 4; lastKnownFileType = sourcecode.swift; path = ViewController2.swift; sourceTree = "<group>"; };
		E68C410127DF834600C21055 /* ContainerPageVC.swift */ = {isa = PBXFileReference; fileEncoding = 4; lastKnownFileType = sourcecode.swift; path = ContainerPageVC.swift; sourceTree = "<group>"; };
		E68C410927E0B18800C21055 /* GitCardCollectionViewCell.swift */ = {isa = PBXFileReference; fileEncoding = 4; lastKnownFileType = sourcecode.swift; path = GitCardCollectionViewCell.swift; sourceTree = "<group>"; };
		E68C410B27E0B18D00C21055 /* PostsViewController.swift */ = {isa = PBXFileReference; fileEncoding = 4; lastKnownFileType = sourcecode.swift; path = PostsViewController.swift; sourceTree = "<group>"; };
		E68C410D27E0B19100C21055 /* select.swift */ = {isa = PBXFileReference; fileEncoding = 4; lastKnownFileType = sourcecode.swift; path = select.swift; sourceTree = "<group>"; };
		E68C410F27E0B1A400C21055 /* ViewController7.swift */ = {isa = PBXFileReference; fileEncoding = 4; lastKnownFileType = sourcecode.swift; path = ViewController7.swift; sourceTree = "<group>"; };
		E68C411127E0B1B000C21055 /* ViewControllerSC.swift */ = {isa = PBXFileReference; fileEncoding = 4; lastKnownFileType = sourcecode.swift; path = ViewControllerSC.swift; sourceTree = "<group>"; };
		E68C411527E0C6AC00C21055 /* ViewController11.swift */ = {isa = PBXFileReference; fileEncoding = 4; lastKnownFileType = sourcecode.swift; path = ViewController11.swift; sourceTree = "<group>"; };
		E68C411827E0CA1900C21055 /* LocalC3CollectionViewCell.swift */ = {isa = PBXFileReference; fileEncoding = 4; lastKnownFileType = sourcecode.swift; path = LocalC3CollectionViewCell.swift; sourceTree = "<group>"; };
		E68C411B27E0CA1900C21055 /* homeViewController.swift */ = {isa = PBXFileReference; fileEncoding = 4; lastKnownFileType = sourcecode.swift; path = homeViewController.swift; sourceTree = "<group>"; };
		E68C411C27E0CA1900C21055 /* LocalViewController.swift */ = {isa = PBXFileReference; fileEncoding = 4; lastKnownFileType = sourcecode.swift; path = LocalViewController.swift; sourceTree = "<group>"; };
		E68C411E27E0CA1900C21055 /* LocalC2CollectionViewCell.swift */ = {isa = PBXFileReference; fileEncoding = 4; lastKnownFileType = sourcecode.swift; path = LocalC2CollectionViewCell.swift; sourceTree = "<group>"; };
		E68C412027E0CA1900C21055 /* LocalC1CollectionViewCell.swift */ = {isa = PBXFileReference; fileEncoding = 4; lastKnownFileType = sourcecode.swift; path = LocalC1CollectionViewCell.swift; sourceTree = "<group>"; };
		E68C412D27E0CAD000C21055 /* Cell1CollectionViewCell.swift */ = {isa = PBXFileReference; fileEncoding = 4; lastKnownFileType = sourcecode.swift; path = Cell1CollectionViewCell.swift; sourceTree = "<group>"; };
		E68C412E27E0CAD000C21055 /* infoC2CollectionViewCell.swift */ = {isa = PBXFileReference; fileEncoding = 4; lastKnownFileType = sourcecode.swift; path = infoC2CollectionViewCell.swift; sourceTree = "<group>"; };
		E68C412F27E0CAD000C21055 /* infoC1CollectionViewCell.swift */ = {isa = PBXFileReference; fileEncoding = 4; lastKnownFileType = sourcecode.swift; path = infoC1CollectionViewCell.swift; sourceTree = "<group>"; };
		E68C413027E0CAD000C21055 /* InfoViewController.swift */ = {isa = PBXFileReference; fileEncoding = 4; lastKnownFileType = sourcecode.swift; path = InfoViewController.swift; sourceTree = "<group>"; };
		E68C413127E0CAD000C21055 /* homeCollectionViewCell.swift */ = {isa = PBXFileReference; fileEncoding = 4; lastKnownFileType = sourcecode.swift; path = homeCollectionViewCell.swift; sourceTree = "<group>"; };
		E68C413227E0CAD000C21055 /* infoC3CollectionViewCell.swift */ = {isa = PBXFileReference; fileEncoding = 4; lastKnownFileType = sourcecode.swift; path = infoC3CollectionViewCell.swift; sourceTree = "<group>"; };
		E68C413327E0CAD000C21055 /* Cell2CollectionViewCell.swift */ = {isa = PBXFileReference; fileEncoding = 4; lastKnownFileType = sourcecode.swift; path = Cell2CollectionViewCell.swift; sourceTree = "<group>"; };
		E68C413427E0CAD100C21055 /* Cell3CollectionViewCell.swift */ = {isa = PBXFileReference; fileEncoding = 4; lastKnownFileType = sourcecode.swift; path = Cell3CollectionViewCell.swift; sourceTree = "<group>"; };
		E68C413D27E2195500C21055 /* LikesTableViewCell.swift */ = {isa = PBXFileReference; lastKnownFileType = sourcecode.swift; path = LikesTableViewCell.swift; sourceTree = "<group>"; };
		E68C413F27E21D5000C21055 /* likeCollectionViewCell.swift */ = {isa = PBXFileReference; lastKnownFileType = sourcecode.swift; path = likeCollectionViewCell.swift; sourceTree = "<group>"; };
		E68C414127E21D9900C21055 /* likeViewController.swift */ = {isa = PBXFileReference; lastKnownFileType = sourcecode.swift; path = likeViewController.swift; sourceTree = "<group>"; };
/* End PBXFileReference section */

/* Begin PBXFrameworksBuildPhase section */
		E68C40BC27D8E92200C21055 /* Frameworks */ = {
			isa = PBXFrameworksBuildPhase;
			buildActionMask = 2147483647;
			files = (
			);
			runOnlyForDeploymentPostprocessing = 0;
		};
/* End PBXFrameworksBuildPhase section */

/* Begin PBXGroup section */
		E68C40B627D8E92200C21055 = {
			isa = PBXGroup;
			children = (
				E68C40C127D8E92200C21055 /* MINEEEEERS */,
				E68C40C027D8E92200C21055 /* Products */,
			);
			sourceTree = "<group>";
		};
		E68C40C027D8E92200C21055 /* Products */ = {
			isa = PBXGroup;
			children = (
				E68C40BF27D8E92200C21055 /* MINEEEEERS.app */,
			);
			name = Products;
			sourceTree = "<group>";
		};
		E68C40C127D8E92200C21055 /* MINEEEEERS */ = {
			isa = PBXGroup;
			children = (
				E68C40F127DF771E00C21055 /* PayHistory.swift */,
				E68C40F227DF772000C21055 /* MyPayments.swift */,
				E68C40F327DF772200C21055 /* myappointment.swift */,
				E68C40EE27DF76EC00C21055 /* CustomCollectionViewCell.swift */,
				E68C40EA27DF76E300C21055 /* Custom4collectionViewCellTableViewCell.swift */,
				E68C40E827DF76DF00C21055 /* Custom2CollectionViewController.swift */,
				E68C410B27E0B18D00C21055 /* PostsViewController.swift */,
				E68C410927E0B18800C21055 /* GitCardCollectionViewCell.swift */,
				E68C40F927DF775700C21055 /* SearchTableViewController.swift */,
				E68C410D27E0B19100C21055 /* select.swift */,
				E68C410F27E0B1A400C21055 /* ViewController7.swift */,
				E68C411B27E0CA1900C21055 /* homeViewController.swift */,
				E68C412027E0CA1900C21055 /* LocalC1CollectionViewCell.swift */,
				E68C411E27E0CA1900C21055 /* LocalC2CollectionViewCell.swift */,
				E68C411827E0CA1900C21055 /* LocalC3CollectionViewCell.swift */,
				E68C411C27E0CA1900C21055 /* LocalViewController.swift */,
				E68C411127E0B1B000C21055 /* ViewControllerSC.swift */,
				E68C40F727DF775300C21055 /* ViewController1.swift */,
				E68C40FB27DF775B00C21055 /* ViewController2.swift */,
				E68C40F827DF775500C21055 /* ViewController3.swift */,
				E68C40FA27DF775900C21055 /* ViewController5.swift */,
				E68C412D27E0CAD000C21055 /* Cell1CollectionViewCell.swift */,
				E68C413327E0CAD000C21055 /* Cell2CollectionViewCell.swift */,
				E68C413427E0CAD100C21055 /* Cell3CollectionViewCell.swift */,
				E68C413127E0CAD000C21055 /* homeCollectionViewCell.swift */,
				E68C412F27E0CAD000C21055 /* infoC1CollectionViewCell.swift */,
				E68C412E27E0CAD000C21055 /* infoC2CollectionViewCell.swift */,
				E68C413227E0CAD000C21055 /* infoC3CollectionViewCell.swift */,
				E68C413027E0CAD000C21055 /* InfoViewController.swift */,
				E68C413D27E2195500C21055 /* LikesTableViewCell.swift */,
				E68C40E927DF76E100C21055 /* Checks.swift */,
				E68C411527E0C6AC00C21055 /* ViewController11.swift */,
				E68C410127DF834600C21055 /* ContainerPageVC.swift */,
				AE14CF1427E763AA00072785 /* ViewController12.swift */,
				AE14CF0527E760B300072785 /* AppDelegate.swift */,
				AE14CF1227E7636500072785 /* ViewController6.swift */,
				E68C40E627D8EEBF00C21055 /* EditProfileViewController.swift */,
				AE14CF0727E760CB00072785 /* SceneDelegate.swift */,
				E68C40D627D8E94F00C21055 /* Main.storyboard */,
				E68C414127E21D9900C21055 /* likeViewController.swift */,
				E68C413F27E21D5000C21055 /* likeCollectionViewCell.swift */,
				E68C40CB27D8E92300C21055 /* Assets.xcassets */,
				AE14CF0927E760E300072785 /* ViewController.swift */,
				E68C40CD27D8E92300C21055 /* LaunchScreen.storyboard */,
				AE14CF0B27E7610400072785 /* Info.plist */,
			);
			path = MINEEEEERS;
			sourceTree = "<group>";
		};
/* End PBXGroup section */

/* Begin PBXNativeTarget section */
		E68C40BE27D8E92200C21055 /* MINEEEEERS */ = {
			isa = PBXNativeTarget;
			buildConfigurationList = E68C40D327D8E92300C21055 /* Build configuration list for PBXNativeTarget "MINEEEEERS" */;
			buildPhases = (
				E68C40BB27D8E92200C21055 /* Sources */,
				E68C40BC27D8E92200C21055 /* Frameworks */,
				E68C40BD27D8E92200C21055 /* Resources */,
			);
			buildRules = (
			);
			dependencies = (
			);
			name = MINEEEEERS;
			productName = MINEEEEERS;
			productReference = E68C40BF27D8E92200C21055 /* MINEEEEERS.app */;
			productType = "com.apple.product-type.application";
		};
/* End PBXNativeTarget section */

/* Begin PBXProject section */
		E68C40B727D8E92200C21055 /* Project object */ = {
			isa = PBXProject;
			attributes = {
				BuildIndependentTargetsInParallel = 1;
				LastSwiftUpdateCheck = 1320;
				LastUpgradeCheck = 1320;
				TargetAttributes = {
					E68C40BE27D8E92200C21055 = {
						CreatedOnToolsVersion = 13.2.1;
					};
				};
			};
			buildConfigurationList = E68C40BA27D8E92200C21055 /* Build configuration list for PBXProject "MINEEEEERS" */;
			compatibilityVersion = "Xcode 13.0";
			developmentRegion = en;
			hasScannedForEncodings = 0;
			knownRegions = (
				en,
				Base,
			);
			mainGroup = E68C40B627D8E92200C21055;
			productRefGroup = E68C40C027D8E92200C21055 /* Products */;
			projectDirPath = "";
			projectRoot = "";
			targets = (
				E68C40BE27D8E92200C21055 /* MINEEEEERS */,
			);
		};
/* End PBXProject section */

/* Begin PBXResourcesBuildPhase section */
		E68C40BD27D8E92200C21055 /* Resources */ = {
			isa = PBXResourcesBuildPhase;
			buildActionMask = 2147483647;
			files = (
				E68C40CF27D8E92300C21055 /* LaunchScreen.storyboard in Resources */,
				E68C40CC27D8E92300C21055 /* Assets.xcassets in Resources */,
				E68C40D727D8E94F00C21055 /* Main.storyboard in Resources */,
			);
			runOnlyForDeploymentPostprocessing = 0;
		};
/* End PBXResourcesBuildPhase section */

/* Begin PBXSourcesBuildPhase section */
		E68C40BB27D8E92200C21055 /* Sources */ = {
			isa = PBXSourcesBuildPhase;
			buildActionMask = 2147483647;
			files = (
				E68C412627E0CA1900C21055 /* LocalViewController.swift in Sources */,
				E68C413C27E0CAD100C21055 /* Cell3CollectionViewCell.swift in Sources */,
				E68C412827E0CA1900C21055 /* LocalC2CollectionViewCell.swift in Sources */,
				E68C40FD27DF775B00C21055 /* ViewController3.swift in Sources */,
				E68C410027DF775B00C21055 /* ViewController2.swift in Sources */,
				E68C411627E0C6AC00C21055 /* ViewController11.swift in Sources */,
				E68C412527E0CA1900C21055 /* homeViewController.swift in Sources */,
				E68C413527E0CAD100C21055 /* Cell1CollectionViewCell.swift in Sources */,
				E68C40FC27DF775B00C21055 /* ViewController1.swift in Sources */,
				E68C40E727D8EEBF00C21055 /* EditProfileViewController.swift in Sources */,
				E68C40FE27DF775B00C21055 /* SearchTableViewController.swift in Sources */,
				E68C40FF27DF775B00C21055 /* ViewController5.swift in Sources */,
				E68C411027E0B1A400C21055 /* ViewController7.swift in Sources */,
				E68C413627E0CAD100C21055 /* infoC2CollectionViewCell.swift in Sources */,
				E68C413727E0CAD100C21055 /* infoC1CollectionViewCell.swift in Sources */,
				E68C411227E0B1B000C21055 /* ViewControllerSC.swift in Sources */,
				E68C413B27E0CAD100C21055 /* Cell2CollectionViewCell.swift in Sources */,
				AE14CF0627E760B300072785 /* AppDelegate.swift in Sources */,
				AE14CF0A27E760E300072785 /* ViewController.swift in Sources */,
				E68C40EF27DF76EC00C21055 /* CustomCollectionViewCell.swift in Sources */,
				E68C410E27E0B19100C21055 /* select.swift in Sources */,
				E68C413827E0CAD100C21055 /* InfoViewController.swift in Sources */,
				E68C413927E0CAD100C21055 /* homeCollectionViewCell.swift in Sources */,
				E68C413A27E0CAD100C21055 /* infoC3CollectionViewCell.swift in Sources */,
				E68C412A27E0CA1900C21055 /* LocalC1CollectionViewCell.swift in Sources */,
				AE14CF1527E763AA00072785 /* ViewController12.swift in Sources */,
				E68C40F527DF772200C21055 /* MyPayments.swift in Sources */,
				E68C410A27E0B18800C21055 /* GitCardCollectionViewCell.swift in Sources */,
				AE14CF0827E760CC00072785 /* SceneDelegate.swift in Sources */,
				E68C40F627DF772200C21055 /* myappointment.swift in Sources */,
				E68C40EC27DF76E300C21055 /* Checks.swift in Sources */,
				E68C410C27E0B18D00C21055 /* PostsViewController.swift in Sources */,
				E68C40F427DF772200C21055 /* PayHistory.swift in Sources */,
				E68C412227E0CA1900C21055 /* LocalC3CollectionViewCell.swift in Sources */,
				E68C414027E21D5000C21055 /* likeCollectionViewCell.swift in Sources */,
				E68C413E27E2195500C21055 /* LikesTableViewCell.swift in Sources */,
				AE14CF1327E7636500072785 /* ViewController6.swift in Sources */,
				E68C40EB27DF76E300C21055 /* Custom2CollectionViewController.swift in Sources */,
				E68C40ED27DF76E300C21055 /* Custom4collectionViewCellTableViewCell.swift in Sources */,
				E68C414227E21D9900C21055 /* likeViewController.swift in Sources */,
				E68C410227DF834600C21055 /* ContainerPageVC.swift in Sources */,
			);
			runOnlyForDeploymentPostprocessing = 0;
		};
/* End PBXSourcesBuildPhase section */

/* Begin PBXVariantGroup section */
		E68C40CD27D8E92300C21055 /* LaunchScreen.storyboard */ = {
			isa = PBXVariantGroup;
			children = (
				E68C40CE27D8E92300C21055 /* Base */,
			);
			name = LaunchScreen.storyboard;
			sourceTree = "<group>";
		};
/* End PBXVariantGroup section */

/* Begin XCBuildConfiguration section */
		E68C40D127D8E92300C21055 /* Debug */ = {
			isa = XCBuildConfiguration;
			buildSettings = {
				ALWAYS_SEARCH_USER_PATHS = NO;
				CLANG_ANALYZER_NONNULL = YES;
				CLANG_ANALYZER_NUMBER_OBJECT_CONVERSION = YES_AGGRESSIVE;
				CLANG_CXX_LANGUAGE_STANDARD = "gnu++17";
				CLANG_CXX_LIBRARY = "libc++";
				CLANG_ENABLE_MODULES = YES;
				CLANG_ENABLE_OBJC_ARC = YES;
				CLANG_ENABLE_OBJC_WEAK = YES;
				CLANG_WARN_BLOCK_CAPTURE_AUTORELEASING = YES;
				CLANG_WARN_BOOL_CONVERSION = YES;
				CLANG_WARN_COMMA = YES;
				CLANG_WARN_CONSTANT_CONVERSION = YES;
				CLANG_WARN_DEPRECATED_OBJC_IMPLEMENTATIONS = YES;
				CLANG_WARN_DIRECT_OBJC_ISA_USAGE = YES_ERROR;
				CLANG_WARN_DOCUMENTATION_COMMENTS = YES;
				CLANG_WARN_EMPTY_BODY = YES;
				CLANG_WARN_ENUM_CONVERSION = YES;
				CLANG_WARN_INFINITE_RECURSION = YES;
				CLANG_WARN_INT_CONVERSION = YES;
				CLANG_WARN_NON_LITERAL_NULL_CONVERSION = YES;
				CLANG_WARN_OBJC_IMPLICIT_RETAIN_SELF = YES;
				CLANG_WARN_OBJC_LITERAL_CONVERSION = YES;
				CLANG_WARN_OBJC_ROOT_CLASS = YES_ERROR;
				CLANG_WARN_QUOTED_INCLUDE_IN_FRAMEWORK_HEADER = YES;
				CLANG_WARN_RANGE_LOOP_ANALYSIS = YES;
				CLANG_WARN_STRICT_PROTOTYPES = YES;
				CLANG_WARN_SUSPICIOUS_MOVE = YES;
				CLANG_WARN_UNGUARDED_AVAILABILITY = YES_AGGRESSIVE;
				CLANG_WARN_UNREACHABLE_CODE = YES;
				CLANG_WARN__DUPLICATE_METHOD_MATCH = YES;
				COPY_PHASE_STRIP = NO;
				DEBUG_INFORMATION_FORMAT = dwarf;
				ENABLE_STRICT_OBJC_MSGSEND = YES;
				ENABLE_TESTABILITY = YES;
				GCC_C_LANGUAGE_STANDARD = gnu11;
				GCC_DYNAMIC_NO_PIC = NO;
				GCC_NO_COMMON_BLOCKS = YES;
				GCC_OPTIMIZATION_LEVEL = 0;
				GCC_PREPROCESSOR_DEFINITIONS = (
					"DEBUG=1",
					"$(inherited)",
				);
				GCC_WARN_64_TO_32_BIT_CONVERSION = YES;
				GCC_WARN_ABOUT_RETURN_TYPE = YES_ERROR;
				GCC_WARN_UNDECLARED_SELECTOR = YES;
				GCC_WARN_UNINITIALIZED_AUTOS = YES_AGGRESSIVE;
				GCC_WARN_UNUSED_FUNCTION = YES;
				GCC_WARN_UNUSED_VARIABLE = YES;
				IPHONEOS_DEPLOYMENT_TARGET = 15.2;
				MTL_ENABLE_DEBUG_INFO = INCLUDE_SOURCE;
				MTL_FAST_MATH = YES;
				ONLY_ACTIVE_ARCH = YES;
				SDKROOT = iphoneos;
				SWIFT_ACTIVE_COMPILATION_CONDITIONS = DEBUG;
				SWIFT_OPTIMIZATION_LEVEL = "-Onone";
			};
			name = Debug;
		};
		E68C40D227D8E92300C21055 /* Release */ = {
			isa = XCBuildConfiguration;
			buildSettings = {
				ALWAYS_SEARCH_USER_PATHS = NO;
				CLANG_ANALYZER_NONNULL = YES;
				CLANG_ANALYZER_NUMBER_OBJECT_CONVERSION = YES_AGGRESSIVE;
				CLANG_CXX_LANGUAGE_STANDARD = "gnu++17";
				CLANG_CXX_LIBRARY = "libc++";
				CLANG_ENABLE_MODULES = YES;
				CLANG_ENABLE_OBJC_ARC = YES;
				CLANG_ENABLE_OBJC_WEAK = YES;
				CLANG_WARN_BLOCK_CAPTURE_AUTORELEASING = YES;
				CLANG_WARN_BOOL_CONVERSION = YES;
				CLANG_WARN_COMMA = YES;
				CLANG_WARN_CONSTANT_CONVERSION = YES;
				CLANG_WARN_DEPRECATED_OBJC_IMPLEMENTATIONS = YES;
				CLANG_WARN_DIRECT_OBJC_ISA_USAGE = YES_ERROR;
				CLANG_WARN_DOCUMENTATION_COMMENTS = YES;
				CLANG_WARN_EMPTY_BODY = YES;
				CLANG_WARN_ENUM_CONVERSION = YES;
				CLANG_WARN_INFINITE_RECURSION = YES;
				CLANG_WARN_INT_CONVERSION = YES;
				CLANG_WARN_NON_LITERAL_NULL_CONVERSION = YES;
				CLANG_WARN_OBJC_IMPLICIT_RETAIN_SELF = YES;
				CLANG_WARN_OBJC_LITERAL_CONVERSION = YES;
				CLANG_WARN_OBJC_ROOT_CLASS = YES_ERROR;
				CLANG_WARN_QUOTED_INCLUDE_IN_FRAMEWORK_HEADER = YES;
				CLANG_WARN_RANGE_LOOP_ANALYSIS = YES;
				CLANG_WARN_STRICT_PROTOTYPES = YES;
				CLANG_WARN_SUSPICIOUS_MOVE = YES;
				CLANG_WARN_UNGUARDED_AVAILABILITY = YES_AGGRESSIVE;
				CLANG_WARN_UNREACHABLE_CODE = YES;
				CLANG_WARN__DUPLICATE_METHOD_MATCH = YES;
				COPY_PHASE_STRIP = NO;
				DEBUG_INFORMATION_FORMAT = "dwarf-with-dsym";
				ENABLE_NS_ASSERTIONS = NO;
				ENABLE_STRICT_OBJC_MSGSEND = YES;
				GCC_C_LANGUAGE_STANDARD = gnu11;
				GCC_NO_COMMON_BLOCKS = YES;
				GCC_WARN_64_TO_32_BIT_CONVERSION = YES;
				GCC_WARN_ABOUT_RETURN_TYPE = YES_ERROR;
				GCC_WARN_UNDECLARED_SELECTOR = YES;
				GCC_WARN_UNINITIALIZED_AUTOS = YES_AGGRESSIVE;
				GCC_WARN_UNUSED_FUNCTION = YES;
				GCC_WARN_UNUSED_VARIABLE = YES;
				IPHONEOS_DEPLOYMENT_TARGET = 15.2;
				MTL_ENABLE_DEBUG_INFO = NO;
				MTL_FAST_MATH = YES;
				SDKROOT = iphoneos;
				SWIFT_COMPILATION_MODE = wholemodule;
				SWIFT_OPTIMIZATION_LEVEL = "-O";
				VALIDATE_PRODUCT = YES;
			};
			name = Release;
		};
		E68C40D427D8E92300C21055 /* Debug */ = {
			isa = XCBuildConfiguration;
			buildSettings = {
				ASSETCATALOG_COMPILER_APPICON_NAME = AppIcon;
				ASSETCATALOG_COMPILER_GLOBAL_ACCENT_COLOR_NAME = AccentColor;
				CODE_SIGN_STYLE = Automatic;
				CURRENT_PROJECT_VERSION = 1;
				GENERATE_INFOPLIST_FILE = YES;
				INFOPLIST_FILE = MINEEEEERS/Info.plist;
				INFOPLIST_KEY_UIApplicationSupportsIndirectInputEvents = YES;
				INFOPLIST_KEY_UILaunchStoryboardName = LaunchScreen;
				INFOPLIST_KEY_UIMainStoryboardFile = Main;
				INFOPLIST_KEY_UISupportedInterfaceOrientations_iPad = "UIInterfaceOrientationPortrait UIInterfaceOrientationPortraitUpsideDown UIInterfaceOrientationLandscapeLeft UIInterfaceOrientationLandscapeRight";
				INFOPLIST_KEY_UISupportedInterfaceOrientations_iPhone = "UIInterfaceOrientationPortrait UIInterfaceOrientationLandscapeLeft UIInterfaceOrientationLandscapeRight";
				LD_RUNPATH_SEARCH_PATHS = (
					"$(inherited)",
					"@executable_path/Frameworks",
				);
				MARKETING_VERSION = 1.0;
				PRODUCT_BUNDLE_IDENTIFIER = com.dania.MINEEEEERS;
				PRODUCT_NAME = "$(TARGET_NAME)";
				SWIFT_EMIT_LOC_STRINGS = YES;
				SWIFT_VERSION = 5.0;
				TARGETED_DEVICE_FAMILY = "1,2";
			};
			name = Debug;
		};
		E68C40D527D8E92300C21055 /* Release */ = {
			isa = XCBuildConfiguration;
			buildSettings = {
				ASSETCATALOG_COMPILER_APPICON_NAME = AppIcon;
				ASSETCATALOG_COMPILER_GLOBAL_ACCENT_COLOR_NAME = AccentColor;
				CODE_SIGN_STYLE = Automatic;
				CURRENT_PROJECT_VERSION = 1;
				GENERATE_INFOPLIST_FILE = YES;
				INFOPLIST_FILE = MINEEEEERS/Info.plist;
				INFOPLIST_KEY_UIApplicationSupportsIndirectInputEvents = YES;
				INFOPLIST_KEY_UILaunchStoryboardName = LaunchScreen;
				INFOPLIST_KEY_UIMainStoryboardFile = Main;
				INFOPLIST_KEY_UISupportedInterfaceOrientations_iPad = "UIInterfaceOrientationPortrait UIInterfaceOrientationPortraitUpsideDown UIInterfaceOrientationLandscapeLeft UIInterfaceOrientationLandscapeRight";
				INFOPLIST_KEY_UISupportedInterfaceOrientations_iPhone = "UIInterfaceOrientationPortrait UIInterfaceOrientationLandscapeLeft UIInterfaceOrientationLandscapeRight";
				LD_RUNPATH_SEARCH_PATHS = (
					"$(inherited)",
					"@executable_path/Frameworks",
				);
				MARKETING_VERSION = 1.0;
				PRODUCT_BUNDLE_IDENTIFIER = com.dania.MINEEEEERS;
				PRODUCT_NAME = "$(TARGET_NAME)";
				SWIFT_EMIT_LOC_STRINGS = YES;
				SWIFT_VERSION = 5.0;
				TARGETED_DEVICE_FAMILY = "1,2";
			};
			name = Release;
		};
/* End XCBuildConfiguration section */

/* Begin XCConfigurationList section */
		E68C40BA27D8E92200C21055 /* Build configuration list for PBXProject "MINEEEEERS" */ = {
			isa = XCConfigurationList;
			buildConfigurations = (
				E68C40D127D8E92300C21055 /* Debug */,
				E68C40D227D8E92300C21055 /* Release */,
			);
			defaultConfigurationIsVisible = 0;
			defaultConfigurationName = Release;
		};
		E68C40D327D8E92300C21055 /* Build configuration list for PBXNativeTarget "MINEEEEERS" */ = {
			isa = XCConfigurationList;
			buildConfigurations = (
				E68C40D427D8E92300C21055 /* Debug */,
				E68C40D527D8E92300C21055 /* Release */,
			);
			defaultConfigurationIsVisible = 0;
			defaultConfigurationName = Release;
		};
/* End XCConfigurationList section */
	};
	rootObject = E68C40B727D8E92200C21055 /* Project object */;
}
